
Microsoft Visual Studio Solution File, Format Version 12.00
Project("{FAE04EC0-301F-11D3-BF4B-00C04F79EFBC}") = "Betterfins", "BetterFins.csproj", "{29BCD06A-F5CC-4D2A-AEC4-CFBECE0514FB}"
EndProject
Global
	GlobalSection(SolutionConfigurationPlatforms) = preSolution
		Debug|Any CPU = Debug|Any CPU
		Release|Any CPU = Release|Any CPU
	EndGlobalSection
	GlobalSection(ProjectConfigurationPlatforms) = postSolution
		{29BCD06A-F5CC-4D2A-AEC4-CFBECE0514FB}.Debug|Any CPU.ActiveCfg = Debug|Any CPU
		{29BCD06A-F5CC-4D2A-AEC4-CFBECE0514FB}.Debug|Any CPU.Build.0 = Debug|Any CPU
		{29BCD06A-F5CC-4D2A-AEC4-CFBECE0514FB}.Release|Any CPU.ActiveCfg = Release|Any CPU
		{29BCD06A-F5CC-4D2A-AEC4-CFBECE0514FB}.Release|Any CPU.Build.0 = Release|Any CPU
	EndGlobalSection
EndGlobal
